// !$*UTF8*$!
{
	archiveVersion = 1;
	classes = {
	};
	objectVersion = 50;
	objects = {

/* Begin PBXBuildFile section */
		F0D52356A638F28EA620FEF5 /* Pods_Bangos_Noir.framework in Frameworks */ = {isa = PBXBuildFile; fileRef = C1CA433A55FE8B0BB4F28D8C /* Pods_Bangos_Noir.framework */; };
		FB56BF6622745E4300F8C85D /* GoogleService-Info.plist in Resources */ = {isa = PBXBuildFile; fileRef = FB56BF6522745E4300F8C85D /* GoogleService-Info.plist */; };
		FB6FCD0F222D4E4D00AD4FF5 /* Chap1 Contenu ViewController.swift in Sources */ = {isa = PBXBuildFile; fileRef = FB6FCD0E222D4E4D00AD4FF5 /* Chap1 Contenu ViewController.swift */; };
		FB6FCD11222D874100AD4FF5 /* le mbigi muntu.swift in Sources */ = {isa = PBXBuildFile; fileRef = FB6FCD10222D874100AD4FF5 /* le mbigi muntu.swift */; };
		FB74654922632E55007564F4 /* les billets ensorcelés.swift in Sources */ = {isa = PBXBuildFile; fileRef = FB74654822632E55007564F4 /* les billets ensorcelés.swift */; };
		FB912C9422566B2F00FCE557 /* modele donnees table view cell.swift in Sources */ = {isa = PBXBuildFile; fileRef = FB912C9322566B2F00FCE557 /* modele donnees table view cell.swift */; };
		FB912C9622566DC600FCE557 /* ChapitresTableViewController.swift in Sources */ = {isa = PBXBuildFile; fileRef = FB912C9522566DC600FCE557 /* ChapitresTableViewController.swift */; };
		FB912C9822566DFB00FCE557 /* TableViewCell.swift in Sources */ = {isa = PBXBuildFile; fileRef = FB912C9722566DFB00FCE557 /* TableViewCell.swift */; };
		FB912C9C2258B8DE00FCE557 /* Chapitre 2 ViewController.swift in Sources */ = {isa = PBXBuildFile; fileRef = FB912C9B2258B8DE00FCE557 /* Chapitre 2 ViewController.swift */; };
		FB912C9E2258B94700FCE557 /* Chapitre3ViewController.swift in Sources */ = {isa = PBXBuildFile; fileRef = FB912C9D2258B94700FCE557 /* Chapitre3ViewController.swift */; };
		FBB3F1BC221CB826002444F0 /* AppDelegate.swift in Sources */ = {isa = PBXBuildFile; fileRef = FBB3F1BB221CB826002444F0 /* AppDelegate.swift */; };
		FBB3F1BE221CB826002444F0 /* Accueil ViewController.swift in Sources */ = {isa = PBXBuildFile; fileRef = FBB3F1BD221CB826002444F0 /* Accueil ViewController.swift */; };
		FBB3F1C1221CB826002444F0 /* Main.storyboard in Resources */ = {isa = PBXBuildFile; fileRef = FBB3F1BF221CB826002444F0 /* Main.storyboard */; };
		FBB3F1C3221CB828002444F0 /* Assets.xcassets in Resources */ = {isa = PBXBuildFile; fileRef = FBB3F1C2221CB828002444F0 /* Assets.xcassets */; };
		FBB3F1C6221CB828002444F0 /* LaunchScreen.storyboard in Resources */ = {isa = PBXBuildFile; fileRef = FBB3F1C4221CB828002444F0 /* LaunchScreen.storyboard */; };
		FBD76D4C225620D300E30C0B /* taureau de boeuf.swift in Sources */ = {isa = PBXBuildFile; fileRef = FBD76D4B225620D300E30C0B /* taureau de boeuf.swift */; };
		FBEAF1F3221DDA800036590B /* Connexion.swift in Sources */ = {isa = PBXBuildFile; fileRef = FBEAF1F2221DDA800036590B /* Connexion.swift */; };
		FBEAF1F5221DDF5A0036590B /* Creer profil.swift in Sources */ = {isa = PBXBuildFile; fileRef = FBEAF1F4221DDF5A0036590B /* Creer profil.swift */; };
/* End PBXBuildFile section */

/* Begin PBXFileReference section */
		139ED520325DF0B4B4AB6CFD /* Pods-Bangos Noir.release.xcconfig */ = {isa = PBXFileReference; includeInIndex = 1; lastKnownFileType = text.xcconfig; name = "Pods-Bangos Noir.release.xcconfig"; path = "Pods/Target Support Files/Pods-Bangos Noir/Pods-Bangos Noir.release.xcconfig"; sourceTree = "<group>"; };
		C1CA433A55FE8B0BB4F28D8C /* Pods_Bangos_Noir.framework */ = {isa = PBXFileReference; explicitFileType = wrapper.framework; includeInIndex = 0; path = Pods_Bangos_Noir.framework; sourceTree = BUILT_PRODUCTS_DIR; };
		FB56BF6522745E4300F8C85D /* GoogleService-Info.plist */ = {isa = PBXFileReference; fileEncoding = 4; lastKnownFileType = text.plist.xml; path = "GoogleService-Info.plist"; sourceTree = "<group>"; };
		FB6FCD0E222D4E4D00AD4FF5 /* Chap1 Contenu ViewController.swift */ = {isa = PBXFileReference; lastKnownFileType = sourcecode.swift; path = "Chap1 Contenu ViewController.swift"; sourceTree = "<group>"; };
		FB6FCD10222D874100AD4FF5 /* le mbigi muntu.swift */ = {isa = PBXFileReference; lastKnownFileType = sourcecode.swift; path = "le mbigi muntu.swift"; sourceTree = "<group>"; };
		FB74654822632E55007564F4 /* les billets ensorcelés.swift */ = {isa = PBXFileReference; lastKnownFileType = sourcecode.swift; path = "les billets ensorcelés.swift"; sourceTree = "<group>"; };
		FB912C9322566B2F00FCE557 /* modele donnees table view cell.swift */ = {isa = PBXFileReference; lastKnownFileType = sourcecode.swift; path = "modele donnees table view cell.swift"; sourceTree = "<group>"; };
		FB912C9522566DC600FCE557 /* ChapitresTableViewController.swift */ = {isa = PBXFileReference; lastKnownFileType = sourcecode.swift; path = ChapitresTableViewController.swift; sourceTree = "<group>"; };
		FB912C9722566DFB00FCE557 /* TableViewCell.swift */ = {isa = PBXFileReference; lastKnownFileType = sourcecode.swift; path = TableViewCell.swift; sourceTree = "<group>"; };
		FB912C9B2258B8DE00FCE557 /* Chapitre 2 ViewController.swift */ = {isa = PBXFileReference; lastKnownFileType = sourcecode.swift; path = "Chapitre 2 ViewController.swift"; sourceTree = "<group>"; };
		FB912C9D2258B94700FCE557 /* Chapitre3ViewController.swift */ = {isa = PBXFileReference; lastKnownFileType = sourcecode.swift; path = Chapitre3ViewController.swift; sourceTree = "<group>"; };
		FBB3F1B8221CB826002444F0 /* Bangos Noir.app */ = {isa = PBXFileReference; explicitFileType = wrapper.application; includeInIndex = 0; path = "Bangos Noir.app"; sourceTree = BUILT_PRODUCTS_DIR; };
		FBB3F1BB221CB826002444F0 /* AppDelegate.swift */ = {isa = PBXFileReference; lastKnownFileType = sourcecode.swift; path = AppDelegate.swift; sourceTree = "<group>"; };
		FBB3F1BD221CB826002444F0 /* Accueil ViewController.swift */ = {isa = PBXFileReference; lastKnownFileType = sourcecode.swift; path = "Accueil ViewController.swift"; sourceTree = "<group>"; };
		FBB3F1C0221CB826002444F0 /* Base */ = {isa = PBXFileReference; lastKnownFileType = file.storyboard; name = Base; path = Base.lproj/Main.storyboard; sourceTree = "<group>"; };
		FBB3F1C2221CB828002444F0 /* Assets.xcassets */ = {isa = PBXFileReference; lastKnownFileType = folder.assetcatalog; path = Assets.xcassets; sourceTree = "<group>"; };
		FBB3F1C5221CB828002444F0 /* Base */ = {isa = PBXFileReference; lastKnownFileType = file.storyboard; name = Base; path = Base.lproj/LaunchScreen.storyboard; sourceTree = "<group>"; };
		FBB3F1C7221CB828002444F0 /* Info.plist */ = {isa = PBXFileReference; lastKnownFileType = text.plist.xml; path = Info.plist; sourceTree = "<group>"; };
		FBD76D4B225620D300E30C0B /* taureau de boeuf.swift */ = {isa = PBXFileReference; lastKnownFileType = sourcecode.swift; path = "taureau de boeuf.swift"; sourceTree = "<group>"; };
		FBEAF1F2221DDA800036590B /* Connexion.swift */ = {isa = PBXFileReference; lastKnownFileType = sourcecode.swift; path = Connexion.swift; sourceTree = "<group>"; };
		FBEAF1F4221DDF5A0036590B /* Creer profil.swift */ = {isa = PBXFileReference; lastKnownFileType = sourcecode.swift; path = "Creer profil.swift"; sourceTree = "<group>"; };
		FD6837E4D91503A673D6491B /* Pods-Bangos Noir.debug.xcconfig */ = {isa = PBXFileReference; includeInIndex = 1; lastKnownFileType = text.xcconfig; name = "Pods-Bangos Noir.debug.xcconfig"; path = "Pods/Target Support Files/Pods-Bangos Noir/Pods-Bangos Noir.debug.xcconfig"; sourceTree = "<group>"; };
/* End PBXFileReference section */

/* Begin PBXFrameworksBuildPhase section */
		FBB3F1B5221CB826002444F0 /* Frameworks */ = {
			isa = PBXFrameworksBuildPhase;
			buildActionMask = 2147483647;
			files = (
				F0D52356A638F28EA620FEF5 /* Pods_Bangos_Noir.framework in Frameworks */,
			);
			runOnlyForDeploymentPostprocessing = 0;
		};
/* End PBXFrameworksBuildPhase section */

/* Begin PBXGroup section */
		85602DDE67DAF5CF3D33A52C /* Pods */ = {
			isa = PBXGroup;
			children = (
				FD6837E4D91503A673D6491B /* Pods-Bangos Noir.debug.xcconfig */,
				139ED520325DF0B4B4AB6CFD /* Pods-Bangos Noir.release.xcconfig */,
			);
			name = Pods;
			sourceTree = "<group>";
		};
		E9EB0A356AE8DB2C2D017EC9 /* Frameworks */ = {
			isa = PBXGroup;
			children = (
				C1CA433A55FE8B0BB4F28D8C /* Pods_Bangos_Noir.framework */,
			);
			name = Frameworks;
			sourceTree = "<group>";
		};
		FBB3F1AF221CB826002444F0 = {
			isa = PBXGroup;
			children = (
				FBB3F1CE221CB869002444F0 /* View */,
				FBB3F1CD221CB847002444F0 /* Model */,
				FBB3F1BA221CB826002444F0 /* View Controller */,
				FBB3F1B9221CB826002444F0 /* Products */,
				85602DDE67DAF5CF3D33A52C /* Pods */,
				E9EB0A356AE8DB2C2D017EC9 /* Frameworks */,
			);
			sourceTree = "<group>";
		};
		FBB3F1B9221CB826002444F0 /* Products */ = {
			isa = PBXGroup;
			children = (
				FBB3F1B8221CB826002444F0 /* Bangos Noir.app */,
			);
			name = Products;
			sourceTree = "<group>";
		};
		FBB3F1BA221CB826002444F0 /* View Controller */ = {
			isa = PBXGroup;
			children = (
				FB912C9D2258B94700FCE557 /* Chapitre3ViewController.swift */,
				FB912C9B2258B8DE00FCE557 /* Chapitre 2 ViewController.swift */,
				FB6FCD0E222D4E4D00AD4FF5 /* Chap1 Contenu ViewController.swift */,
				FB912C9522566DC600FCE557 /* ChapitresTableViewController.swift */,
				FBEAF1F4221DDF5A0036590B /* Creer profil.swift */,
				FBEAF1F2221DDA800036590B /* Connexion.swift */,
				FBB3F1BD221CB826002444F0 /* Accueil ViewController.swift */,
				FBB3F1BB221CB826002444F0 /* AppDelegate.swift */,
				FBB3F1C2221CB828002444F0 /* Assets.xcassets */,
				FBB3F1C7221CB828002444F0 /* Info.plist */,
				FB56BF6522745E4300F8C85D /* GoogleService-Info.plist */,
			);
			path = "View Controller";
			sourceTree = "<group>";
		};
		FBB3F1CD221CB847002444F0 /* Model */ = {
			isa = PBXGroup;
			children = (
				FB74654822632E55007564F4 /* les billets ensorcelés.swift */,
				FBD76D4B225620D300E30C0B /* taureau de boeuf.swift */,
				FB6FCD10222D874100AD4FF5 /* le mbigi muntu.swift */,
				FB912C9322566B2F00FCE557 /* modele donnees table view cell.swift */,
				FB912C9722566DFB00FCE557 /* TableViewCell.swift */,
			);
			path = Model;
			sourceTree = "<group>";
		};
		FBB3F1CE221CB869002444F0 /* View */ = {
			isa = PBXGroup;
			children = (
				FBB3F1C4221CB828002444F0 /* LaunchScreen.storyboard */,
				FBB3F1BF221CB826002444F0 /* Main.storyboard */,
			);
			path = View;
			sourceTree = "<group>";
		};
/* End PBXGroup section */

/* Begin PBXNativeTarget section */
		FBB3F1B7221CB826002444F0 /* Bangos Noir */ = {
			isa = PBXNativeTarget;
			buildConfigurationList = FBB3F1CA221CB828002444F0 /* Build configuration list for PBXNativeTarget "Bangos Noir" */;
			buildPhases = (
				CD627DEFB991FFC8E642F1A5 /* [CP] Check Pods Manifest.lock */,
				FBB3F1B4221CB826002444F0 /* Sources */,
				FBB3F1B5221CB826002444F0 /* Frameworks */,
				FBB3F1B6221CB826002444F0 /* Resources */,
				ABC1FA7E076520D086BFFA47 /* [CP] Embed Pods Frameworks */,
			);
			buildRules = (
			);
			dependencies = (
			);
			name = "Bangos Noir";
			productName = "Bangos Noir";
			productReference = FBB3F1B8221CB826002444F0 /* Bangos Noir.app */;
			productType = "com.apple.product-type.application";
		};
/* End PBXNativeTarget section */

/* Begin PBXProject section */
		FBB3F1B0221CB826002444F0 /* Project object */ = {
			isa = PBXProject;
			attributes = {
				LastSwiftUpdateCheck = 1010;
				LastUpgradeCheck = 1010;
				ORGANIZATIONNAME = "Jean martin Kyssama";
				TargetAttributes = {
					FBB3F1B7221CB826002444F0 = {
						CreatedOnToolsVersion = 10.1;
						LastSwiftMigration = 1020;
					};
				};
			};
			buildConfigurationList = FBB3F1B3221CB826002444F0 /* Build configuration list for PBXProject "Bangos Noir" */;
			compatibilityVersion = "Xcode 9.3";
			developmentRegion = en;
			hasScannedForEncodings = 0;
			knownRegions = (
				en,
				Base,
			);
			mainGroup = FBB3F1AF221CB826002444F0;
			productRefGroup = FBB3F1B9221CB826002444F0 /* Products */;
			projectDirPath = "";
			projectRoot = "";
			targets = (
				FBB3F1B7221CB826002444F0 /* Bangos Noir */,
			);
		};
/* End PBXProject section */

/* Begin PBXResourcesBuildPhase section */
		FBB3F1B6221CB826002444F0 /* Resources */ = {
			isa = PBXResourcesBuildPhase;
			buildActionMask = 2147483647;
			files = (
				FBB3F1C6221CB828002444F0 /* LaunchScreen.storyboard in Resources */,
				FB56BF6622745E4300F8C85D /* GoogleService-Info.plist in Resources */,
				FBB3F1C3221CB828002444F0 /* Assets.xcassets in Resources */,
				FBB3F1C1221CB826002444F0 /* Main.storyboard in Resources */,
			);
			runOnlyForDeploymentPostprocessing = 0;
		};
/* End PBXResourcesBuildPhase section */

/* Begin PBXShellScriptBuildPhase section */
		ABC1FA7E076520D086BFFA47 /* [CP] Embed Pods Frameworks */ = {
			isa = PBXShellScriptBuildPhase;
			buildActionMask = 2147483647;
			files = (
			);
			inputFileListPaths = (
			);
			inputPaths = (
				"${SRCROOT}/Pods/Target Support Files/Pods-Bangos Noir/Pods-Bangos Noir-frameworks.sh",
				"${BUILT_PRODUCTS_DIR}/GTMSessionFetcher/GTMSessionFetcher.framework",
				"${BUILT_PRODUCTS_DIR}/GoogleUtilities/GoogleUtilities.framework",
				"${BUILT_PRODUCTS_DIR}/SVProgressHUD/SVProgressHUD.framework",
				"${BUILT_PRODUCTS_DIR}/nanopb/nanopb.framework",
			);
			name = "[CP] Embed Pods Frameworks";
			outputFileListPaths = (
			);
			outputPaths = (
				"${TARGET_BUILD_DIR}/${FRAMEWORKS_FOLDER_PATH}/GTMSessionFetcher.framework",
				"${TARGET_BUILD_DIR}/${FRAMEWORKS_FOLDER_PATH}/GoogleUtilities.framework",
				"${TARGET_BUILD_DIR}/${FRAMEWORKS_FOLDER_PATH}/SVProgressHUD.framework",
				"${TARGET_BUILD_DIR}/${FRAMEWORKS_FOLDER_PATH}/nanopb.framework",
			);
			runOnlyForDeploymentPostprocessing = 0;
			shellPath = /bin/sh;
			shellScript = "\"${SRCROOT}/Pods/Target Support Files/Pods-Bangos Noir/Pods-Bangos Noir-frameworks.sh\"\n";
			showEnvVarsInLog = 0;
		};
		CD627DEFB991FFC8E642F1A5 /* [CP] Check Pods Manifest.lock */ = {
			isa = PBXShellScriptBuildPhase;
			buildActionMask = 2147483647;
			files = (
			);
			inputFileListPaths = (
			);
			inputPaths = (
				"${PODS_PODFILE_DIR_PATH}/Podfile.lock",
				"${PODS_ROOT}/Manifest.lock",
			);
			name = "[CP] Check Pods Manifest.lock";
			outputFileListPaths = (
			);
			outputPaths = (
				"$(DERIVED_FILE_DIR)/Pods-Bangos Noir-checkManifestLockResult.txt",
			);
			runOnlyForDeploymentPostprocessing = 0;
			shellPath = /bin/sh;
			shellScript = "diff \"${PODS_PODFILE_DIR_PATH}/Podfile.lock\" \"${PODS_ROOT}/Manifest.lock\" > /dev/null\nif [ $? != 0 ] ; then\n    # print error to STDERR\n    echo \"error: The sandbox is not in sync with the Podfile.lock. Run 'pod install' or update your CocoaPods installation.\" >&2\n    exit 1\nfi\n# This output is used by Xcode 'outputs' to avoid re-running this script phase.\necho \"SUCCESS\" > \"${SCRIPT_OUTPUT_FILE_0}\"\n";
			showEnvVarsInLog = 0;
		};
/* End PBXShellScriptBuildPhase section */

/* Begin PBXSourcesBuildPhase section */
		FBB3F1B4221CB826002444F0 /* Sources */ = {
			isa = PBXSourcesBuildPhase;
			buildActionMask = 2147483647;
			files = (
				FB912C9422566B2F00FCE557 /* modele donnees table view cell.swift in Sources */,
				FBB3F1BE221CB826002444F0 /* Accueil ViewController.swift in Sources */,
				FB912C9E2258B94700FCE557 /* Chapitre3ViewController.swift in Sources */,
				FB6FCD11222D874100AD4FF5 /* le mbigi muntu.swift in Sources */,
				FB6FCD0F222D4E4D00AD4FF5 /* Chap1 Contenu ViewController.swift in Sources */,
				FB912C9622566DC600FCE557 /* ChapitresTableViewController.swift in Sources */,
				FB912C9822566DFB00FCE557 /* TableViewCell.swift in Sources */,
				FBEAF1F3221DDA800036590B /* Connexion.swift in Sources */,
				FB74654922632E55007564F4 /* les billets ensorcelés.swift in Sources */,
				FB912C9C2258B8DE00FCE557 /* Chapitre 2 ViewController.swift in Sources */,
				FBD76D4C225620D300E30C0B /* taureau de boeuf.swift in Sources */,
				FBEAF1F5221DDF5A0036590B /* Creer profil.swift in Sources */,
				FBB3F1BC221CB826002444F0 /* AppDelegate.swift in Sources */,
			);
			runOnlyForDeploymentPostprocessing = 0;
		};
/* End PBXSourcesBuildPhase section */

/* Begin PBXVariantGroup section */
		FBB3F1BF221CB826002444F0 /* Main.storyboard */ = {
			isa = PBXVariantGroup;
			children = (
				FBB3F1C0221CB826002444F0 /* Base */,
			);
			name = Main.storyboard;
			sourceTree = "<group>";
		};
		FBB3F1C4221CB828002444F0 /* LaunchScreen.storyboard */ = {
			isa = PBXVariantGroup;
			children = (
				FBB3F1C5221CB828002444F0 /* Base */,
			);
			name = LaunchScreen.storyboard;
			sourceTree = "<group>";
		};
/* End PBXVariantGroup section */

/* Begin XCBuildConfiguration section */
		FBB3F1C8221CB828002444F0 /* Debug */ = {
			isa = XCBuildConfiguration;
			buildSettings = {
				ALWAYS_SEARCH_USER_PATHS = NO;
				CLANG_ANALYZER_NONNULL = YES;
				CLANG_ANALYZER_NUMBER_OBJECT_CONVERSION = YES_AGGRESSIVE;
				CLANG_CXX_LANGUAGE_STANDARD = "gnu++14";
				CLANG_CXX_LIBRARY = "libc++";
				CLANG_ENABLE_MODULES = YES;
				CLANG_ENABLE_OBJC_ARC = YES;
				CLANG_ENABLE_OBJC_WEAK = YES;
				CLANG_WARN_BLOCK_CAPTURE_AUTORELEASING = YES;
				CLANG_WARN_BOOL_CONVERSION = YES;
				CLANG_WARN_COMMA = YES;
				CLANG_WARN_CONSTANT_CONVERSION = YES;
				CLANG_WARN_DEPRECATED_OBJC_IMPLEMENTATIONS = YES;
				CLANG_WARN_DIRECT_OBJC_ISA_USAGE = YES_ERROR;
				CLANG_WARN_DOCUMENTATION_COMMENTS = YES;
				CLANG_WARN_EMPTY_BODY = YES;
				CLANG_WARN_ENUM_CONVERSION = YES;
				CLANG_WARN_INFINITE_RECURSION = YES;
				CLANG_WARN_INT_CONVERSION = YES;
				CLANG_WARN_NON_LITERAL_NULL_CONVERSION = YES;
				CLANG_WARN_OBJC_IMPLICIT_RETAIN_SELF = YES;
				CLANG_WARN_OBJC_LITERAL_CONVERSION = YES;
				CLANG_WARN_OBJC_ROOT_CLASS = YES_ERROR;
				CLANG_WARN_RANGE_LOOP_ANALYSIS = YES;
				CLANG_WARN_STRICT_PROTOTYPES = YES;
				CLANG_WARN_SUSPICIOUS_MOVE = YES;
				CLANG_WARN_UNGUARDED_AVAILABILITY = YES_AGGRESSIVE;
				CLANG_WARN_UNREACHABLE_CODE = YES;
				CLANG_WARN__DUPLICATE_METHOD_MATCH = YES;
				CODE_SIGN_IDENTITY = "iPhone Developer";
				COPY_PHASE_STRIP = NO;
				DEBUG_INFORMATION_FORMAT = dwarf;
				ENABLE_STRICT_OBJC_MSGSEND = YES;
				ENABLE_TESTABILITY = YES;
				GCC_C_LANGUAGE_STANDARD = gnu11;
				GCC_DYNAMIC_NO_PIC = NO;
				GCC_NO_COMMON_BLOCKS = YES;
				GCC_OPTIMIZATION_LEVEL = 0;
				GCC_PREPROCESSOR_DEFINITIONS = (
					"DEBUG=1",
					"$(inherited)",
				);
				GCC_WARN_64_TO_32_BIT_CONVERSION = YES;
				GCC_WARN_ABOUT_RETURN_TYPE = YES_ERROR;
				GCC_WARN_UNDECLARED_SELECTOR = YES;
				GCC_WARN_UNINITIALIZED_AUTOS = YES_AGGRESSIVE;
				GCC_WARN_UNUSED_FUNCTION = YES;
				GCC_WARN_UNUSED_VARIABLE = YES;
				IPHONEOS_DEPLOYMENT_TARGET = 12.1;
				MTL_ENABLE_DEBUG_INFO = INCLUDE_SOURCE;
				MTL_FAST_MATH = YES;
				ONLY_ACTIVE_ARCH = YES;
				SDKROOT = iphoneos;
				SWIFT_ACTIVE_COMPILATION_CONDITIONS = DEBUG;
				SWIFT_OPTIMIZATION_LEVEL = "-Onone";
			};
			name = Debug;
		};
		FBB3F1C9221CB828002444F0 /* Release */ = {
			isa = XCBuildConfiguration;
			buildSettings = {
				ALWAYS_SEARCH_USER_PATHS = NO;
				CLANG_ANALYZER_NONNULL = YES;
				CLANG_ANALYZER_NUMBER_OBJECT_CONVERSION = YES_AGGRESSIVE;
				CLANG_CXX_LANGUAGE_STANDARD = "gnu++14";
				CLANG_CXX_LIBRARY = "libc++";
				CLANG_ENABLE_MODULES = YES;
				CLANG_ENABLE_OBJC_ARC = YES;
				CLANG_ENABLE_OBJC_WEAK = YES;
				CLANG_WARN_BLOCK_CAPTURE_AUTORELEASING = YES;
				CLANG_WARN_BOOL_CONVERSION = YES;
				CLANG_WARN_COMMA = YES;
				CLANG_WARN_CONSTANT_CONVERSION = YES;
				CLANG_WARN_DEPRECATED_OBJC_IMPLEMENTATIONS = YES;
				CLANG_WARN_DIRECT_OBJC_ISA_USAGE = YES_ERROR;
				CLANG_WARN_DOCUMENTATION_COMMENTS = YES;
				CLANG_WARN_EMPTY_BODY = YES;
				CLANG_WARN_ENUM_CONVERSION = YES;
				CLANG_WARN_INFINITE_RECURSION = YES;
				CLANG_WARN_INT_CONVERSION = YES;
				CLANG_WARN_NON_LITERAL_NULL_CONVERSION = YES;
				CLANG_WARN_OBJC_IMPLICIT_RETAIN_SELF = YES;
				CLANG_WARN_OBJC_LITERAL_CONVERSION = YES;
				CLANG_WARN_OBJC_ROOT_CLASS = YES_ERROR;
				CLANG_WARN_RANGE_LOOP_ANALYSIS = YES;
				CLANG_WARN_STRICT_PROTOTYPES = YES;
				CLANG_WARN_SUSPICIOUS_MOVE = YES;
				CLANG_WARN_UNGUARDED_AVAILABILITY = YES_AGGRESSIVE;
				CLANG_WARN_UNREACHABLE_CODE = YES;
				CLANG_WARN__DUPLICATE_METHOD_MATCH = YES;
				CODE_SIGN_IDENTITY = "iPhone Developer";
				COPY_PHASE_STRIP = NO;
				DEBUG_INFORMATION_FORMAT = "dwarf-with-dsym";
				ENABLE_NS_ASSERTIONS = NO;
				ENABLE_STRICT_OBJC_MSGSEND = YES;
				GCC_C_LANGUAGE_STANDARD = gnu11;
				GCC_NO_COMMON_BLOCKS = YES;
				GCC_WARN_64_TO_32_BIT_CONVERSION = YES;
				GCC_WARN_ABOUT_RETURN_TYPE = YES_ERROR;
				GCC_WARN_UNDECLARED_SELECTOR = YES;
				GCC_WARN_UNINITIALIZED_AUTOS = YES_AGGRESSIVE;
				GCC_WARN_UNUSED_FUNCTION = YES;
				GCC_WARN_UNUSED_VARIABLE = YES;
				IPHONEOS_DEPLOYMENT_TARGET = 12.1;
				MTL_ENABLE_DEBUG_INFO = NO;
				MTL_FAST_MATH = YES;
				SDKROOT = iphoneos;
				SWIFT_COMPILATION_MODE = wholemodule;
				SWIFT_OPTIMIZATION_LEVEL = "-O";
				VALIDATE_PRODUCT = YES;
			};
			name = Release;
		};
		FBB3F1CB221CB828002444F0 /* Debug */ = {
			isa = XCBuildConfiguration;
			baseConfigurationReference = FD6837E4D91503A673D6491B /* Pods-Bangos Noir.debug.xcconfig */;
			buildSettings = {
				ASSETCATALOG_COMPILER_APPICON_NAME = AppIcon;
				CODE_SIGN_STYLE = Automatic;
				DEVELOPMENT_TEAM = FPK6CV5272;
				INFOPLIST_FILE = "$(SRCROOT)/View Controller/Info.plist";
				LD_RUNPATH_SEARCH_PATHS = (
					"$(inherited)",
					"@executable_path/Frameworks",
				);
				PRODUCT_BUNDLE_IDENTIFIER = "com.kyssamajeanmartin.Bangos-Noir";
				PRODUCT_NAME = "$(TARGET_NAME)";
				SWIFT_VERSION = 5.0;
				TARGETED_DEVICE_FAMILY = "1,2";
			};
			name = Debug;
		};
		FBB3F1CC221CB828002444F0 /* Release */ = {
			isa = XCBuildConfiguration;
			baseConfigurationReference = 139ED520325DF0B4B4AB6CFD /* Pods-Bangos Noir.release.xcconfig */;
			buildSettings = {
				ASSETCATALOG_COMPILER_APPICON_NAME = AppIcon;
				CODE_SIGN_STYLE = Automatic;
				DEVELOPMENT_TEAM = FPK6CV5272;
				INFOPLIST_FILE = "$(SRCROOT)/View Controller/Info.plist";
				LD_RUNPATH_SEARCH_PATHS = (
					"$(inherited)",
					"@executable_path/Frameworks",
				);
				PRODUCT_BUNDLE_IDENTIFIER = "com.kyssamajeanmartin.Bangos-Noir";
				PRODUCT_NAME = "$(TARGET_NAME)";
				SWIFT_VERSION = 5.0;
				TARGETED_DEVICE_FAMILY = "1,2";
			};
			name = Release;
		};
/* End XCBuildConfiguration section */

/* Begin XCConfigurationList section */
		FBB3F1B3221CB826002444F0 /* Build configuration list for PBXProject "Bangos Noir" */ = {
			isa = XCConfigurationList;
			buildConfigurations = (
				FBB3F1C8221CB828002444F0 /* Debug */,
				FBB3F1C9221CB828002444F0 /* Release */,
			);
			defaultConfigurationIsVisible = 0;
			defaultConfigurationName = Release;
		};
		FBB3F1CA221CB828002444F0 /* Build configuration list for PBXNativeTarget "Bangos Noir" */ = {
			isa = XCConfigurationList;
			buildConfigurations = (
				FBB3F1CB221CB828002444F0 /* Debug */,
				FBB3F1CC221CB828002444F0 /* Release */,
			);
			defaultConfigurationIsVisible = 0;
			defaultConfigurationName = Release;
		};
/* End XCConfigurationList section */
	};
	rootObject = FBB3F1B0221CB826002444F0 /* Project object */;
}
